
Microsoft Visual Studio Solution File, Format Version 12.00
# Visual Studio 15
VisualStudioVersion = 15.0.26730.16
MinimumVisualStudioVersion = 10.0.40219.1
Project("{FAE04EC0-301F-11D3-BF4B-00C04F79EFBC}") = "FG.GUI", "FG\FG.GUI.csproj", "{3925B58E-2CED-49C9-B01B-D16E7031D1A6}"
EndProject
Project("{FAE04EC0-301F-11D3-BF4B-00C04F79EFBC}") = "CONTENEDOR", "FG.Dominio\CONTENEDOR.csproj", "{B891041D-A9E4-40AE-9863-C6D00A6B9E10}"
EndProject
Project("{FAE04EC0-301F-11D3-BF4B-00C04F79EFBC}") = "Game.Seguridad", "Game.Seguridad\Game.Seguridad.csproj", "{9EEC4CE8-52ED-4057-9054-A9B683DDA445}"
EndProject
Global
	GlobalSection(SolutionConfigurationPlatforms) = preSolution
		Debug|Any CPU = Debug|Any CPU
		Release|Any CPU = Release|Any CPU
	EndGlobalSection
	GlobalSection(ProjectConfigurationPlatforms) = postSolution
		{3925B58E-2CED-49C9-B01B-D16E7031D1A6}.Debug|Any CPU.ActiveCfg = Debug|Any CPU
		{3925B58E-2CED-49C9-B01B-D16E7031D1A6}.Debug|Any CPU.Build.0 = Debug|Any CPU
		{3925B58E-2CED-49C9-B01B-D16E7031D1A6}.Release|Any CPU.ActiveCfg = Release|Any CPU
		{3925B58E-2CED-49C9-B01B-D16E7031D1A6}.Release|Any CPU.Build.0 = Release|Any CPU
		{B891041D-A9E4-40AE-9863-C6D00A6B9E10}.Debug|Any CPU.ActiveCfg = Debug|Any CPU
		{B891041D-A9E4-40AE-9863-C6D00A6B9E10}.Debug|Any CPU.Build.0 = Debug|Any CPU
		{B891041D-A9E4-40AE-9863-C6D00A6B9E10}.Release|Any CPU.ActiveCfg = Release|Any CPU
		{B891041D-A9E4-40AE-9863-C6D00A6B9E10}.Release|Any CPU.Build.0 = Release|Any CPU
		{9EEC4CE8-52ED-4057-9054-A9B683DDA445}.Debug|Any CPU.ActiveCfg = Debug|Any CPU
		{9EEC4CE8-52ED-4057-9054-A9B683DDA445}.Debug|Any CPU.Build.0 = Debug|Any CPU
		{9EEC4CE8-52ED-4057-9054-A9B683DDA445}.Release|Any CPU.ActiveCfg = Release|Any CPU
		{9EEC4CE8-52ED-4057-9054-A9B683DDA445}.Release|Any CPU.Build.0 = Release|Any CPU
	EndGlobalSection
	GlobalSection(SolutionProperties) = preSolution
		HideSolutionNode = FALSE
	EndGlobalSection
	GlobalSection(ExtensibilityGlobals) = postSolution
		SolutionGuid = {7265F361-F028-4714-8AB1-FAE212E69EAE}
	EndGlobalSection
EndGlobal
